
Microsoft Visual Studio Solution File, Format Version 12.00
# Visual Studio Version 16
VisualStudioVersion = 16.0.30804.86
MinimumVisualStudioVersion = 10.0.40219.1
Project("{8BC9CEB8-8B4A-11D0-8D11-00A0C91BC942}") = "Oop Final Project 2020", "Oop Final Project 2020\Oop Final Project 2020.vcxproj", "{FE010C48-4435-4804-B774-9FA6FD518E76}"
EndProject
Global
	GlobalSection(SolutionConfigurationPlatforms) = preSolution
		Debug|x64 = Debug|x64
		Debug|x86 = Debug|x86
		Release|x64 = Release|x64
		Release|x86 = Release|x86
	EndGlobalSection
	GlobalSection(ProjectConfigurationPlatforms) = postSolution
		{FE010C48-4435-4804-B774-9FA6FD518E76}.Debug|x64.ActiveCfg = Debug|x64
		{FE010C48-4435-4804-B774-9FA6FD518E76}.Debug|x64.Build.0 = Debug|x64
		{FE010C48-4435-4804-B774-9FA6FD518E76}.Debug|x86.ActiveCfg = Debug|Win32
		{FE010C48-4435-4804-B774-9FA6FD518E76}.Debug|x86.Build.0 = Debug|Win32
		{FE010C48-4435-4804-B774-9FA6FD518E76}.Release|x64.ActiveCfg = Release|x64
		{FE010C48-4435-4804-B774-9FA6FD518E76}.Release|x64.Build.0 = Release|x64
		{FE010C48-4435-4804-B774-9FA6FD518E76}.Release|x86.ActiveCfg = Release|Win32
		{FE010C48-4435-4804-B774-9FA6FD518E76}.Release|x86.Build.0 = Release|Win32
	EndGlobalSection
	GlobalSection(SolutionProperties) = preSolution
		HideSolutionNode = FALSE
	EndGlobalSection
	GlobalSection(ExtensibilityGlobals) = postSolution
		SolutionGuid = {2BC54FA0-C1AA-4EB5-8847-1A6DFB13613B}
	EndGlobalSection
EndGlobal
